<Solution>
  <Project Path="NexaWork.Application/NexaWork.Application.csproj" />
  <Project Path="NexaWork.Authentication/NexaWork.Authentication.csproj" />
  <Project Path="NexaWork.Client/NexaWork.Client.csproj" />
  <Project Path="NexaWork.Domain/NexaWork.Domain.csproj" />
  <Project Path="NexaWork.Infrastructure/NexaWork.Infrastructure.csproj" />
  <Project Path="NexaWork.Admin/NexaWork.Admin.csproj" />
</Solution>
